# This file is autogenerated, do not edit; changes may be undone by the next 'dep ensure'.


[[projects]]
  name = "github.com/davecgh/go-spew"
  packages = ["spew"]
  revision = "346938d642f2ec3594ed81d874461961cd0faa76"
  version = "v1.1.0"

[[projects]]
  name = "github.com/garyburd/redigo"
  packages = [
    "internal",
    "redis"
  ]
  revision = "34a326de1fea52965fa5ad664d3fc7163dd4b0a1"
  version = "v1.2.0"

[[projects]]
  branch = "master"
  name = "github.com/kr/pretty"
  packages = ["."]
  revision = "cfb55aafdaf3ec08f0db22699ab822c50091b1c4"

[[projects]]
  branch = "master"
  name = "github.com/kr/text"
  packages = ["."]
  revision = "7cafcd837844e784b526369c9bce262804aebc60"

[[projects]]
  name = "github.com/pkg/errors"
  packages = ["."]
  revision = "645ef00459ed84a119197bfb8d8205042c6df63d"
  version = "v0.8.0"

[[projects]]
  name = "github.com/pmezard/go-difflib"
  packages = ["difflib"]
  revision = "792786c7400a136282c1664665ae0a8db921c6c2"
  version = "v1.0.0"

[[projects]]
  name = "github.com/rafaeljusto/redigomock"
  packages = ["."]
  revision = "7ae0511314e9946bb0c87d6d485169ab2467a290"
  version = "v2.1"

[[projects]]
  branch = "master"
  name = "github.com/teamwork/test"
  packages = [
    ".",
    "diff"
  ]
  revision = "109d4a7e538bd68fe61aadbeac95ef36d59a72b1"

[[projects]]
  branch = "master"
  name = "github.com/teamwork/utils"
  packages = [
    "httputilx",
    "ioutilx",
    "sliceutil"
  ]
  revision = "80cee17504c9ee0061c054a255cd526e4f5f09ff"

[[projects]]
  branch = "master"
  name = "github.com/tomasen/realip"
  packages = ["."]
  revision = "b5850897b7b539a1c9f22cdaa3b547d1bd453db8"

[solve-meta]
  analyzer-name = "dep"
  analyzer-version = 1
  inputs-digest = "9bf69735e5efef97997e299df2c6b76c2343e496db252d5b773e731780d30838"
  solver-name = "gps-cdcl"
  solver-version = 1
